
Microsoft Visual Studio Solution File, Format Version 12.00
# Visual Studio Version 16
VisualStudioVersion = 16.0.28803.202
MinimumVisualStudioVersion = 10.0.40219.1
Project("{FAE04EC0-301F-11D3-BF4B-00C04F79EFBC}") = "OOP.interface_", "OOP.interface_\OOP.interface_.csproj", "{06FA79EC-853F-4979-ABB5-3A1817A4800B}"
EndProject
Global
	GlobalSection(SolutionConfigurationPlatforms) = preSolution
		Debug|Any CPU = Debug|Any CPU
		Release|Any CPU = Release|Any CPU
	EndGlobalSection
	GlobalSection(ProjectConfigurationPlatforms) = postSolution
		{06FA79EC-853F-4979-ABB5-3A1817A4800B}.Debug|Any CPU.ActiveCfg = Debug|Any CPU
		{06FA79EC-853F-4979-ABB5-3A1817A4800B}.Debug|Any CPU.Build.0 = Debug|Any CPU
		{06FA79EC-853F-4979-ABB5-3A1817A4800B}.Release|Any CPU.ActiveCfg = Release|Any CPU
		{06FA79EC-853F-4979-ABB5-3A1817A4800B}.Release|Any CPU.Build.0 = Release|Any CPU
	EndGlobalSection
	GlobalSection(SolutionProperties) = preSolution
		HideSolutionNode = FALSE
	EndGlobalSection
	GlobalSection(ExtensibilityGlobals) = postSolution
		SolutionGuid = {3ACFD0F3-C2FB-4221-B5C4-77656CB871E1}
	EndGlobalSection
EndGlobal
